
Microsoft Visual Studio Solution File, Format Version 12.00
# Visual Studio Version 17
VisualStudioVersion = 17.4.33122.133
MinimumVisualStudioVersion = 10.0.40219.1
Project("{FAE04EC0-301F-11D3-BF4B-00C04F79EFBC}") = "livrariaAPIs", "livrariaAPIs\livrariaAPIs.csproj", "{19A04813-06E0-4FF8-843B-D3BE4EC728AD}"
EndProject
Global
	GlobalSection(SolutionConfigurationPlatforms) = preSolution
		Debug|Any CPU = Debug|Any CPU
		Release|Any CPU = Release|Any CPU
	EndGlobalSection
	GlobalSection(ProjectConfigurationPlatforms) = postSolution
		{19A04813-06E0-4FF8-843B-D3BE4EC728AD}.Debug|Any CPU.ActiveCfg = Debug|Any CPU
		{19A04813-06E0-4FF8-843B-D3BE4EC728AD}.Debug|Any CPU.Build.0 = Debug|Any CPU
		{19A04813-06E0-4FF8-843B-D3BE4EC728AD}.Release|Any CPU.ActiveCfg = Release|Any CPU
		{19A04813-06E0-4FF8-843B-D3BE4EC728AD}.Release|Any CPU.Build.0 = Release|Any CPU
	EndGlobalSection
	GlobalSection(SolutionProperties) = preSolution
		HideSolutionNode = FALSE
	EndGlobalSection
	GlobalSection(ExtensibilityGlobals) = postSolution
		SolutionGuid = {49281AA1-4665-4B58-922D-035C46250F50}
	EndGlobalSection
EndGlobal
